
Microsoft Visual Studio Solution File, Format Version 12.00
# Visual Studio 14
VisualStudioVersion = 14.0.25420.1
MinimumVisualStudioVersion = 10.0.40219.1
Project("{FAE04EC0-301F-11D3-BF4B-00C04F79EFBC}") = "PruebaBT1.Android", "PruebaBT1\PruebaBT1.Android\PruebaBT1.Android.csproj", "{9D461C1F-1084-4489-B980-813E089E919E}"
EndProject
Project("{FAE04EC0-301F-11D3-BF4B-00C04F79EFBC}") = "PruebaBT1", "PruebaBT1\PruebaBT1\PruebaBT1.csproj", "{DF0E2979-7F5F-42A2-A094-2F2FF06FF9EA}"
EndProject
Project("{FAE04EC0-301F-11D3-BF4B-00C04F79EFBC}") = "PruebaBT1.UWP", "PruebaBT1\PruebaBT1.UWP\PruebaBT1.UWP.csproj", "{AAFB67F4-CF08-489A-B083-0BA33D30BAD8}"
EndProject
Project("{FAE04EC0-301F-11D3-BF4B-00C04F79EFBC}") = "PruebaBT1.iOS", "PruebaBT1\PruebaBT1.iOS\PruebaBT1.iOS.csproj", "{A50FF246-1A08-4EE5-868B-42BFFF50769E}"
EndProject
Global
	GlobalSection(SolutionConfigurationPlatforms) = preSolution
		Ad-Hoc|Any CPU = Ad-Hoc|Any CPU
		Ad-Hoc|ARM = Ad-Hoc|ARM
		Ad-Hoc|iPhone = Ad-Hoc|iPhone
		Ad-Hoc|iPhoneSimulator = Ad-Hoc|iPhoneSimulator
		Ad-Hoc|x64 = Ad-Hoc|x64
		Ad-Hoc|x86 = Ad-Hoc|x86
		AppStore|Any CPU = AppStore|Any CPU
		AppStore|ARM = AppStore|ARM
		AppStore|iPhone = AppStore|iPhone
		AppStore|iPhoneSimulator = AppStore|iPhoneSimulator
		AppStore|x64 = AppStore|x64
		AppStore|x86 = AppStore|x86
		Debug|Any CPU = Debug|Any CPU
		Debug|ARM = Debug|ARM
		Debug|iPhone = Debug|iPhone
		Debug|iPhoneSimulator = Debug|iPhoneSimulator
		Debug|x64 = Debug|x64
		Debug|x86 = Debug|x86
		Release|Any CPU = Release|Any CPU
		Release|ARM = Release|ARM
		Release|iPhone = Release|iPhone
		Release|iPhoneSimulator = Release|iPhoneSimulator
		Release|x64 = Release|x64
		Release|x86 = Release|x86
	EndGlobalSection
	GlobalSection(ProjectConfigurationPlatforms) = postSolution
		{9D461C1F-1084-4489-B980-813E089E919E}.Ad-Hoc|Any CPU.ActiveCfg = Release|Any CPU
		{9D461C1F-1084-4489-B980-813E089E919E}.Ad-Hoc|Any CPU.Build.0 = Release|Any CPU
		{9D461C1F-1084-4489-B980-813E089E919E}.Ad-Hoc|Any CPU.Deploy.0 = Release|Any CPU
		{9D461C1F-1084-4489-B980-813E089E919E}.Ad-Hoc|ARM.ActiveCfg = Release|Any CPU
		{9D461C1F-1084-4489-B980-813E089E919E}.Ad-Hoc|ARM.Build.0 = Release|Any CPU
		{9D461C1F-1084-4489-B980-813E089E919E}.Ad-Hoc|ARM.Deploy.0 = Release|Any CPU
		{9D461C1F-1084-4489-B980-813E089E919E}.Ad-Hoc|iPhone.ActiveCfg = Release|Any CPU
		{9D461C1F-1084-4489-B980-813E089E919E}.Ad-Hoc|iPhone.Build.0 = Release|Any CPU
		{9D461C1F-1084-4489-B980-813E089E919E}.Ad-Hoc|iPhone.Deploy.0 = Release|Any CPU
		{9D461C1F-1084-4489-B980-813E089E919E}.Ad-Hoc|iPhoneSimulator.ActiveCfg = Release|Any CPU
		{9D461C1F-1084-4489-B980-813E089E919E}.Ad-Hoc|iPhoneSimulator.Build.0 = Release|Any CPU
		{9D461C1F-1084-4489-B980-813E089E919E}.Ad-Hoc|iPhoneSimulator.Deploy.0 = Release|Any CPU
		{9D461C1F-1084-4489-B980-813E089E919E}.Ad-Hoc|x64.ActiveCfg = Release|Any CPU
		{9D461C1F-1084-4489-B980-813E089E919E}.Ad-Hoc|x64.Build.0 = Release|Any CPU
		{9D461C1F-1084-4489-B980-813E089E919E}.Ad-Hoc|x64.Deploy.0 = Release|Any CPU
		{9D461C1F-1084-4489-B980-813E089E919E}.Ad-Hoc|x86.ActiveCfg = Release|Any CPU
		{9D461C1F-1084-4489-B980-813E089E919E}.Ad-Hoc|x86.Build.0 = Release|Any CPU
		{9D461C1F-1084-4489-B980-813E089E919E}.Ad-Hoc|x86.Deploy.0 = Release|Any CPU
		{9D461C1F-1084-4489-B980-813E089E919E}.AppStore|Any CPU.ActiveCfg = Release|Any CPU
		{9D461C1F-1084-4489-B980-813E089E919E}.AppStore|Any CPU.Build.0 = Release|Any CPU
		{9D461C1F-1084-4489-B980-813E089E919E}.AppStore|Any CPU.Deploy.0 = Release|Any CPU
		{9D461C1F-1084-4489-B980-813E089E919E}.AppStore|ARM.ActiveCfg = Release|Any CPU
		{9D461C1F-1084-4489-B980-813E089E919E}.AppStore|ARM.Build.0 = Release|Any CPU
		{9D461C1F-1084-4489-B980-813E089E919E}.AppStore|ARM.Deploy.0 = Release|Any CPU
		{9D461C1F-1084-4489-B980-813E089E919E}.AppStore|iPhone.ActiveCfg = Release|Any CPU
		{9D461C1F-1084-4489-B980-813E089E919E}.AppStore|iPhone.Build.0 = Release|Any CPU
		{9D461C1F-1084-4489-B980-813E089E919E}.AppStore|iPhone.Deploy.0 = Release|Any CPU
		{9D461C1F-1084-4489-B980-813E089E919E}.AppStore|iPhoneSimulator.ActiveCfg = Release|Any CPU
		{9D461C1F-1084-4489-B980-813E089E919E}.AppStore|iPhoneSimulator.Build.0 = Release|Any CPU
		{9D461C1F-1084-4489-B980-813E089E919E}.AppStore|iPhoneSimulator.Deploy.0 = Release|Any CPU
		{9D461C1F-1084-4489-B980-813E089E919E}.AppStore|x64.ActiveCfg = Release|Any CPU
		{9D461C1F-1084-4489-B980-813E089E919E}.AppStore|x64.Build.0 = Release|Any CPU
		{9D461C1F-1084-4489-B980-813E089E919E}.AppStore|x64.Deploy.0 = Release|Any CPU
		{9D461C1F-1084-4489-B980-813E089E919E}.AppStore|x86.ActiveCfg = Release|Any CPU
		{9D461C1F-1084-4489-B980-813E089E919E}.AppStore|x86.Build.0 = Release|Any CPU
		{9D461C1F-1084-4489-B980-813E089E919E}.AppStore|x86.Deploy.0 = Release|Any CPU
		{9D461C1F-1084-4489-B980-813E089E919E}.Debug|Any CPU.ActiveCfg = Debug|Any CPU
		{9D461C1F-1084-4489-B980-813E089E919E}.Debug|Any CPU.Build.0 = Debug|Any CPU
		{9D461C1F-1084-4489-B980-813E089E919E}.Debug|Any CPU.Deploy.0 = Debug|Any CPU
		{9D461C1F-1084-4489-B980-813E089E919E}.Debug|ARM.ActiveCfg = Debug|Any CPU
		{9D461C1F-1084-4489-B980-813E089E919E}.Debug|ARM.Build.0 = Debug|Any CPU
		{9D461C1F-1084-4489-B980-813E089E919E}.Debug|ARM.Deploy.0 = Debug|Any CPU
		{9D461C1F-1084-4489-B980-813E089E919E}.Debug|iPhone.ActiveCfg = Debug|Any CPU
		{9D461C1F-1084-4489-B980-813E089E919E}.Debug|iPhone.Build.0 = Debug|Any CPU
		{9D461C1F-1084-4489-B980-813E089E919E}.Debug|iPhone.Deploy.0 = Debug|Any CPU
		{9D461C1F-1084-4489-B980-813E089E919E}.Debug|iPhoneSimulator.ActiveCfg = Debug|Any CPU
		{9D461C1F-1084-4489-B980-813E089E919E}.Debug|iPhoneSimulator.Build.0 = Debug|Any CPU
		{9D461C1F-1084-4489-B980-813E089E919E}.Debug|iPhoneSimulator.Deploy.0 = Debug|Any CPU
		{9D461C1F-1084-4489-B980-813E089E919E}.Debug|x64.ActiveCfg = Debug|Any CPU
		{9D461C1F-1084-4489-B980-813E089E919E}.Debug|x64.Build.0 = Debug|Any CPU
		{9D461C1F-1084-4489-B980-813E089E919E}.Debug|x64.Deploy.0 = Debug|Any CPU
		{9D461C1F-1084-4489-B980-813E089E919E}.Debug|x86.ActiveCfg = Debug|Any CPU
		{9D461C1F-1084-4489-B980-813E089E919E}.Debug|x86.Build.0 = Debug|Any CPU
		{9D461C1F-1084-4489-B980-813E089E919E}.Debug|x86.Deploy.0 = Debug|Any CPU
		{9D461C1F-1084-4489-B980-813E089E919E}.Release|Any CPU.ActiveCfg = Release|Any CPU
		{9D461C1F-1084-4489-B980-813E089E919E}.Release|Any CPU.Build.0 = Release|Any CPU
		{9D461C1F-1084-4489-B980-813E089E919E}.Release|Any CPU.Deploy.0 = Release|Any CPU
		{9D461C1F-1084-4489-B980-813E089E919E}.Release|ARM.ActiveCfg = Release|Any CPU
		{9D461C1F-1084-4489-B980-813E089E919E}.Release|ARM.Build.0 = Release|Any CPU
		{9D461C1F-1084-4489-B980-813E089E919E}.Release|ARM.Deploy.0 = Release|Any CPU
		{9D461C1F-1084-4489-B980-813E089E919E}.Release|iPhone.ActiveCfg = Release|Any CPU
		{9D461C1F-1084-4489-B980-813E089E919E}.Release|iPhone.Build.0 = Release|Any CPU
		{9D461C1F-1084-4489-B980-813E089E919E}.Release|iPhone.Deploy.0 = Release|Any CPU
		{9D461C1F-1084-4489-B980-813E089E919E}.Release|iPhoneSimulator.ActiveCfg = Release|Any CPU
		{9D461C1F-1084-4489-B980-813E089E919E}.Release|iPhoneSimulator.Build.0 = Release|Any CPU
		{9D461C1F-1084-4489-B980-813E089E919E}.Release|iPhoneSimulator.Deploy.0 = Release|Any CPU
		{9D461C1F-1084-4489-B980-813E089E919E}.Release|x64.ActiveCfg = Release|Any CPU
		{9D461C1F-1084-4489-B980-813E089E919E}.Release|x64.Build.0 = Release|Any CPU
		{9D461C1F-1084-4489-B980-813E089E919E}.Release|x64.Deploy.0 = Release|Any CPU
		{9D461C1F-1084-4489-B980-813E089E919E}.Release|x86.ActiveCfg = Release|Any CPU
		{9D461C1F-1084-4489-B980-813E089E919E}.Release|x86.Build.0 = Release|Any CPU
		{9D461C1F-1084-4489-B980-813E089E919E}.Release|x86.Deploy.0 = Release|Any CPU
		{DF0E2979-7F5F-42A2-A094-2F2FF06FF9EA}.Ad-Hoc|Any CPU.ActiveCfg = Release|Any CPU
		{DF0E2979-7F5F-42A2-A094-2F2FF06FF9EA}.Ad-Hoc|Any CPU.Build.0 = Release|Any CPU
		{DF0E2979-7F5F-42A2-A094-2F2FF06FF9EA}.Ad-Hoc|ARM.ActiveCfg = Release|Any CPU
		{DF0E2979-7F5F-42A2-A094-2F2FF06FF9EA}.Ad-Hoc|ARM.Build.0 = Release|Any CPU
		{DF0E2979-7F5F-42A2-A094-2F2FF06FF9EA}.Ad-Hoc|iPhone.ActiveCfg = Release|Any CPU
		{DF0E2979-7F5F-42A2-A094-2F2FF06FF9EA}.Ad-Hoc|iPhone.Build.0 = Release|Any CPU
		{DF0E2979-7F5F-42A2-A094-2F2FF06FF9EA}.Ad-Hoc|iPhoneSimulator.ActiveCfg = Release|Any CPU
		{DF0E2979-7F5F-42A2-A094-2F2FF06FF9EA}.Ad-Hoc|iPhoneSimulator.Build.0 = Release|Any CPU
		{DF0E2979-7F5F-42A2-A094-2F2FF06FF9EA}.Ad-Hoc|x64.ActiveCfg = Release|Any CPU
		{DF0E2979-7F5F-42A2-A094-2F2FF06FF9EA}.Ad-Hoc|x64.Build.0 = Release|Any CPU
		{DF0E2979-7F5F-42A2-A094-2F2FF06FF9EA}.Ad-Hoc|x86.ActiveCfg = Release|Any CPU
		{DF0E2979-7F5F-42A2-A094-2F2FF06FF9EA}.Ad-Hoc|x86.Build.0 = Release|Any CPU
		{DF0E2979-7F5F-42A2-A094-2F2FF06FF9EA}.AppStore|Any CPU.ActiveCfg = Release|Any CPU
		{DF0E2979-7F5F-42A2-A094-2F2FF06FF9EA}.AppStore|Any CPU.Build.0 = Release|Any CPU
		{DF0E2979-7F5F-42A2-A094-2F2FF06FF9EA}.AppStore|ARM.ActiveCfg = Release|Any CPU
		{DF0E2979-7F5F-42A2-A094-2F2FF06FF9EA}.AppStore|ARM.Build.0 = Release|Any CPU
		{DF0E2979-7F5F-42A2-A094-2F2FF06FF9EA}.AppStore|iPhone.ActiveCfg = Release|Any CPU
		{DF0E2979-7F5F-42A2-A094-2F2FF06FF9EA}.AppStore|iPhone.Build.0 = Release|Any CPU
		{DF0E2979-7F5F-42A2-A094-2F2FF06FF9EA}.AppStore|iPhoneSimulator.ActiveCfg = Release|Any CPU
		{DF0E2979-7F5F-42A2-A094-2F2FF06FF9EA}.AppStore|iPhoneSimulator.Build.0 = Release|Any CPU
		{DF0E2979-7F5F-42A2-A094-2F2FF06FF9EA}.AppStore|x64.ActiveCfg = Release|Any CPU
		{DF0E2979-7F5F-42A2-A094-2F2FF06FF9EA}.AppStore|x64.Build.0 = Release|Any CPU
		{DF0E2979-7F5F-42A2-A094-2F2FF06FF9EA}.AppStore|x86.ActiveCfg = Release|Any CPU
		{DF0E2979-7F5F-42A2-A094-2F2FF06FF9EA}.AppStore|x86.Build.0 = Release|Any CPU
		{DF0E2979-7F5F-42A2-A094-2F2FF06FF9EA}.Debug|Any CPU.ActiveCfg = Debug|Any CPU
		{DF0E2979-7F5F-42A2-A094-2F2FF06FF9EA}.Debug|Any CPU.Build.0 = Debug|Any CPU
		{DF0E2979-7F5F-42A2-A094-2F2FF06FF9EA}.Debug|ARM.ActiveCfg = Debug|Any CPU
		{DF0E2979-7F5F-42A2-A094-2F2FF06FF9EA}.Debug|ARM.Build.0 = Debug|Any CPU
		{DF0E2979-7F5F-42A2-A094-2F2FF06FF9EA}.Debug|iPhone.ActiveCfg = Debug|Any CPU
		{DF0E2979-7F5F-42A2-A094-2F2FF06FF9EA}.Debug|iPhone.Build.0 = Debug|Any CPU
		{DF0E2979-7F5F-42A2-A094-2F2FF06FF9EA}.Debug|iPhoneSimulator.ActiveCfg = Debug|Any CPU
		{DF0E2979-7F5F-42A2-A094-2F2FF06FF9EA}.Debug|iPhoneSimulator.Build.0 = Debug|Any CPU
		{DF0E2979-7F5F-42A2-A094-2F2FF06FF9EA}.Debug|x64.ActiveCfg = Debug|Any CPU
		{DF0E2979-7F5F-42A2-A094-2F2FF06FF9EA}.Debug|x64.Build.0 = Debug|Any CPU
		{DF0E2979-7F5F-42A2-A094-2F2FF06FF9EA}.Debug|x86.ActiveCfg = Debug|Any CPU
		{DF0E2979-7F5F-42A2-A094-2F2FF06FF9EA}.Debug|x86.Build.0 = Debug|Any CPU
		{DF0E2979-7F5F-42A2-A094-2F2FF06FF9EA}.Release|Any CPU.ActiveCfg = Release|Any CPU
		{DF0E2979-7F5F-42A2-A094-2F2FF06FF9EA}.Release|Any CPU.Build.0 = Release|Any CPU
		{DF0E2979-7F5F-42A2-A094-2F2FF06FF9EA}.Release|ARM.ActiveCfg = Release|Any CPU
		{DF0E2979-7F5F-42A2-A094-2F2FF06FF9EA}.Release|ARM.Build.0 = Release|Any CPU
		{DF0E2979-7F5F-42A2-A094-2F2FF06FF9EA}.Release|iPhone.ActiveCfg = Release|Any CPU
		{DF0E2979-7F5F-42A2-A094-2F2FF06FF9EA}.Release|iPhone.Build.0 = Release|Any CPU
		{DF0E2979-7F5F-42A2-A094-2F2FF06FF9EA}.Release|iPhoneSimulator.ActiveCfg = Release|Any CPU
		{DF0E2979-7F5F-42A2-A094-2F2FF06FF9EA}.Release|iPhoneSimulator.Build.0 = Release|Any CPU
		{DF0E2979-7F5F-42A2-A094-2F2FF06FF9EA}.Release|x64.ActiveCfg = Release|Any CPU
		{DF0E2979-7F5F-42A2-A094-2F2FF06FF9EA}.Release|x64.Build.0 = Release|Any CPU
		{DF0E2979-7F5F-42A2-A094-2F2FF06FF9EA}.Release|x86.ActiveCfg = Release|Any CPU
		{DF0E2979-7F5F-42A2-A094-2F2FF06FF9EA}.Release|x86.Build.0 = Release|Any CPU
		{AAFB67F4-CF08-489A-B083-0BA33D30BAD8}.Ad-Hoc|Any CPU.ActiveCfg = Release|x86
		{AAFB67F4-CF08-489A-B083-0BA33D30BAD8}.Ad-Hoc|Any CPU.Build.0 = Release|x86
		{AAFB67F4-CF08-489A-B083-0BA33D30BAD8}.Ad-Hoc|Any CPU.Deploy.0 = Release|x86
		{AAFB67F4-CF08-489A-B083-0BA33D30BAD8}.Ad-Hoc|ARM.ActiveCfg = Release|ARM
		{AAFB67F4-CF08-489A-B083-0BA33D30BAD8}.Ad-Hoc|ARM.Build.0 = Release|ARM
		{AAFB67F4-CF08-489A-B083-0BA33D30BAD8}.Ad-Hoc|ARM.Deploy.0 = Release|ARM
		{AAFB67F4-CF08-489A-B083-0BA33D30BAD8}.Ad-Hoc|iPhone.ActiveCfg = Release|x86
		{AAFB67F4-CF08-489A-B083-0BA33D30BAD8}.Ad-Hoc|iPhone.Build.0 = Release|x86
		{AAFB67F4-CF08-489A-B083-0BA33D30BAD8}.Ad-Hoc|iPhone.Deploy.0 = Release|x86
		{AAFB67F4-CF08-489A-B083-0BA33D30BAD8}.Ad-Hoc|iPhoneSimulator.ActiveCfg = Release|x86
		{AAFB67F4-CF08-489A-B083-0BA33D30BAD8}.Ad-Hoc|iPhoneSimulator.Build.0 = Release|x86
		{AAFB67F4-CF08-489A-B083-0BA33D30BAD8}.Ad-Hoc|iPhoneSimulator.Deploy.0 = Release|x86
		{AAFB67F4-CF08-489A-B083-0BA33D30BAD8}.Ad-Hoc|x64.ActiveCfg = Release|x64
		{AAFB67F4-CF08-489A-B083-0BA33D30BAD8}.Ad-Hoc|x64.Build.0 = Release|x64
		{AAFB67F4-CF08-489A-B083-0BA33D30BAD8}.Ad-Hoc|x64.Deploy.0 = Release|x64
		{AAFB67F4-CF08-489A-B083-0BA33D30BAD8}.Ad-Hoc|x86.ActiveCfg = Release|x86
		{AAFB67F4-CF08-489A-B083-0BA33D30BAD8}.Ad-Hoc|x86.Build.0 = Release|x86
		{AAFB67F4-CF08-489A-B083-0BA33D30BAD8}.Ad-Hoc|x86.Deploy.0 = Release|x86
		{AAFB67F4-CF08-489A-B083-0BA33D30BAD8}.AppStore|Any CPU.ActiveCfg = Release|x86
		{AAFB67F4-CF08-489A-B083-0BA33D30BAD8}.AppStore|Any CPU.Build.0 = Release|x86
		{AAFB67F4-CF08-489A-B083-0BA33D30BAD8}.AppStore|Any CPU.Deploy.0 = Release|x86
		{AAFB67F4-CF08-489A-B083-0BA33D30BAD8}.AppStore|ARM.ActiveCfg = Release|ARM
		{AAFB67F4-CF08-489A-B083-0BA33D30BAD8}.AppStore|ARM.Build.0 = Release|ARM
		{AAFB67F4-CF08-489A-B083-0BA33D30BAD8}.AppStore|ARM.Deploy.0 = Release|ARM
		{AAFB67F4-CF08-489A-B083-0BA33D30BAD8}.AppStore|iPhone.ActiveCfg = Release|x86
		{AAFB67F4-CF08-489A-B083-0BA33D30BAD8}.AppStore|iPhone.Build.0 = Release|x86
		{AAFB67F4-CF08-489A-B083-0BA33D30BAD8}.AppStore|iPhone.Deploy.0 = Release|x86
		{AAFB67F4-CF08-489A-B083-0BA33D30BAD8}.AppStore|iPhoneSimulator.ActiveCfg = Release|x86
		{AAFB67F4-CF08-489A-B083-0BA33D30BAD8}.AppStore|iPhoneSimulator.Build.0 = Release|x86
		{AAFB67F4-CF08-489A-B083-0BA33D30BAD8}.AppStore|iPhoneSimulator.Deploy.0 = Release|x86
		{AAFB67F4-CF08-489A-B083-0BA33D30BAD8}.AppStore|x64.ActiveCfg = Release|x64
		{AAFB67F4-CF08-489A-B083-0BA33D30BAD8}.AppStore|x64.Build.0 = Release|x64
		{AAFB67F4-CF08-489A-B083-0BA33D30BAD8}.AppStore|x64.Deploy.0 = Release|x64
		{AAFB67F4-CF08-489A-B083-0BA33D30BAD8}.AppStore|x86.ActiveCfg = Release|x86
		{AAFB67F4-CF08-489A-B083-0BA33D30BAD8}.AppStore|x86.Build.0 = Release|x86
		{AAFB67F4-CF08-489A-B083-0BA33D30BAD8}.AppStore|x86.Deploy.0 = Release|x86
		{AAFB67F4-CF08-489A-B083-0BA33D30BAD8}.Debug|Any CPU.ActiveCfg = Debug|x86
		{AAFB67F4-CF08-489A-B083-0BA33D30BAD8}.Debug|ARM.ActiveCfg = Debug|ARM
		{AAFB67F4-CF08-489A-B083-0BA33D30BAD8}.Debug|ARM.Build.0 = Debug|ARM
		{AAFB67F4-CF08-489A-B083-0BA33D30BAD8}.Debug|ARM.Deploy.0 = Debug|ARM
		{AAFB67F4-CF08-489A-B083-0BA33D30BAD8}.Debug|iPhone.ActiveCfg = Debug|x86
		{AAFB67F4-CF08-489A-B083-0BA33D30BAD8}.Debug|iPhoneSimulator.ActiveCfg = Debug|x86
		{AAFB67F4-CF08-489A-B083-0BA33D30BAD8}.Debug|x64.ActiveCfg = Debug|x64
		{AAFB67F4-CF08-489A-B083-0BA33D30BAD8}.Debug|x64.Build.0 = Debug|x64
		{AAFB67F4-CF08-489A-B083-0BA33D30BAD8}.Debug|x64.Deploy.0 = Debug|x64
		{AAFB67F4-CF08-489A-B083-0BA33D30BAD8}.Debug|x86.ActiveCfg = Debug|x86
		{AAFB67F4-CF08-489A-B083-0BA33D30BAD8}.Debug|x86.Build.0 = Debug|x86
		{AAFB67F4-CF08-489A-B083-0BA33D30BAD8}.Debug|x86.Deploy.0 = Debug|x86
		{AAFB67F4-CF08-489A-B083-0BA33D30BAD8}.Release|Any CPU.ActiveCfg = Release|x86
		{AAFB67F4-CF08-489A-B083-0BA33D30BAD8}.Release|ARM.ActiveCfg = Release|ARM
		{AAFB67F4-CF08-489A-B083-0BA33D30BAD8}.Release|ARM.Build.0 = Release|ARM
		{AAFB67F4-CF08-489A-B083-0BA33D30BAD8}.Release|ARM.Deploy.0 = Release|ARM
		{AAFB67F4-CF08-489A-B083-0BA33D30BAD8}.Release|iPhone.ActiveCfg = Release|x86
		{AAFB67F4-CF08-489A-B083-0BA33D30BAD8}.Release|iPhoneSimulator.ActiveCfg = Release|x86
		{AAFB67F4-CF08-489A-B083-0BA33D30BAD8}.Release|x64.ActiveCfg = Release|x64
		{AAFB67F4-CF08-489A-B083-0BA33D30BAD8}.Release|x64.Build.0 = Release|x64
		{AAFB67F4-CF08-489A-B083-0BA33D30BAD8}.Release|x64.Deploy.0 = Release|x64
		{AAFB67F4-CF08-489A-B083-0BA33D30BAD8}.Release|x86.ActiveCfg = Release|x86
		{AAFB67F4-CF08-489A-B083-0BA33D30BAD8}.Release|x86.Build.0 = Release|x86
		{AAFB67F4-CF08-489A-B083-0BA33D30BAD8}.Release|x86.Deploy.0 = Release|x86
		{A50FF246-1A08-4EE5-868B-42BFFF50769E}.Ad-Hoc|Any CPU.ActiveCfg = Ad-Hoc|iPhone
		{A50FF246-1A08-4EE5-868B-42BFFF50769E}.Ad-Hoc|ARM.ActiveCfg = Ad-Hoc|iPhone
		{A50FF246-1A08-4EE5-868B-42BFFF50769E}.Ad-Hoc|iPhone.ActiveCfg = Ad-Hoc|iPhone
		{A50FF246-1A08-4EE5-868B-42BFFF50769E}.Ad-Hoc|iPhone.Build.0 = Ad-Hoc|iPhone
		{A50FF246-1A08-4EE5-868B-42BFFF50769E}.Ad-Hoc|iPhoneSimulator.ActiveCfg = Ad-Hoc|iPhoneSimulator
		{A50FF246-1A08-4EE5-868B-42BFFF50769E}.Ad-Hoc|iPhoneSimulator.Build.0 = Ad-Hoc|iPhoneSimulator
		{A50FF246-1A08-4EE5-868B-42BFFF50769E}.Ad-Hoc|x64.ActiveCfg = Ad-Hoc|iPhone
		{A50FF246-1A08-4EE5-868B-42BFFF50769E}.Ad-Hoc|x86.ActiveCfg = Ad-Hoc|iPhone
		{A50FF246-1A08-4EE5-868B-42BFFF50769E}.AppStore|Any CPU.ActiveCfg = AppStore|iPhone
		{A50FF246-1A08-4EE5-868B-42BFFF50769E}.AppStore|ARM.ActiveCfg = AppStore|iPhone
		{A50FF246-1A08-4EE5-868B-42BFFF50769E}.AppStore|iPhone.ActiveCfg = AppStore|iPhone
		{A50FF246-1A08-4EE5-868B-42BFFF50769E}.AppStore|iPhone.Build.0 = AppStore|iPhone
		{A50FF246-1A08-4EE5-868B-42BFFF50769E}.AppStore|iPhoneSimulator.ActiveCfg = AppStore|iPhoneSimulator
		{A50FF246-1A08-4EE5-868B-42BFFF50769E}.AppStore|iPhoneSimulator.Build.0 = AppStore|iPhoneSimulator
		{A50FF246-1A08-4EE5-868B-42BFFF50769E}.AppStore|x64.ActiveCfg = AppStore|iPhone
		{A50FF246-1A08-4EE5-868B-42BFFF50769E}.AppStore|x86.ActiveCfg = AppStore|iPhone
		{A50FF246-1A08-4EE5-868B-42BFFF50769E}.Debug|Any CPU.ActiveCfg = Debug|iPhone
		{A50FF246-1A08-4EE5-868B-42BFFF50769E}.Debug|ARM.ActiveCfg = Debug|iPhone
		{A50FF246-1A08-4EE5-868B-42BFFF50769E}.Debug|iPhone.ActiveCfg = Debug|iPhone
		{A50FF246-1A08-4EE5-868B-42BFFF50769E}.Debug|iPhone.Build.0 = Debug|iPhone
		{A50FF246-1A08-4EE5-868B-42BFFF50769E}.Debug|iPhoneSimulator.ActiveCfg = Debug|iPhoneSimulator
		{A50FF246-1A08-4EE5-868B-42BFFF50769E}.Debug|iPhoneSimulator.Build.0 = Debug|iPhoneSimulator
		{A50FF246-1A08-4EE5-868B-42BFFF50769E}.Debug|x64.ActiveCfg = Debug|iPhone
		{A50FF246-1A08-4EE5-868B-42BFFF50769E}.Debug|x86.ActiveCfg = Debug|iPhone
		{A50FF246-1A08-4EE5-868B-42BFFF50769E}.Release|Any CPU.ActiveCfg = Release|iPhone
		{A50FF246-1A08-4EE5-868B-42BFFF50769E}.Release|ARM.ActiveCfg = Release|iPhone
		{A50FF246-1A08-4EE5-868B-42BFFF50769E}.Release|iPhone.ActiveCfg = Release|iPhone
		{A50FF246-1A08-4EE5-868B-42BFFF50769E}.Release|iPhone.Build.0 = Release|iPhone
		{A50FF246-1A08-4EE5-868B-42BFFF50769E}.Release|iPhoneSimulator.ActiveCfg = Release|iPhoneSimulator
		{A50FF246-1A08-4EE5-868B-42BFFF50769E}.Release|iPhoneSimulator.Build.0 = Release|iPhoneSimulator
		{A50FF246-1A08-4EE5-868B-42BFFF50769E}.Release|x64.ActiveCfg = Release|iPhone
		{A50FF246-1A08-4EE5-868B-42BFFF50769E}.Release|x86.ActiveCfg = Release|iPhone
	EndGlobalSection
	GlobalSection(SolutionProperties) = preSolution
		HideSolutionNode = FALSE
	EndGlobalSection
EndGlobal
